
Microsoft Visual Studio Solution File, Format Version 10.00
# Visual Studio 2008
Project("{FAE04EC0-301F-11D3-BF4B-00C04F79EFBC}") = "EH", "..\..\EH\EH.csproj", "{69389FF0-7CA5-4439-B4AF-1984A0C8D9BB}"
EndProject
Project("{FAE04EC0-301F-11D3-BF4B-00C04F79EFBC}") = "MCCL", "MCCL.csproj", "{3E3540CB-3101-416C-A2CD-B7392C588D74}"
EndProject
Global
	GlobalSection(PowerDesigner) = preSolution
		HasSWS = 1
	EndGlobalSection
	GlobalSection(TeamFoundationVersionControl) = preSolution
		SccNumberOfProjects = 3
		SccEnterpriseProvider = {4CA58AB2-18FA-4F8D-95D4-32DDF27D184C}
		SccTeamFoundationServer = http://10.30.2.23:8080/
		SccLocalPath0 = .
		SccProjectUniqueName1 = ..\\..\\EH\\EH.csproj
		SccProjectName1 = ../../EH
		SccLocalPath1 = ..\\..\\EH
		SccProjectUniqueName2 = MCCL.csproj
		SccLocalPath2 = .
	EndGlobalSection
	GlobalSection(SolutionConfigurationPlatforms) = preSolution
		DCDS DB2 Debug|Any CPU = DCDS DB2 Debug|Any CPU
		DCDS DB2 Debug|Mixed Platforms = DCDS DB2 Debug|Mixed Platforms
		DCDS DB2 Debug|Win32 = DCDS DB2 Debug|Win32
		DCDS DB2 Debug|x64 = DCDS DB2 Debug|x64
		DCDS DB2 Release|Any CPU = DCDS DB2 Release|Any CPU
		DCDS DB2 Release|Mixed Platforms = DCDS DB2 Release|Mixed Platforms
		DCDS DB2 Release|Win32 = DCDS DB2 Release|Win32
		DCDS DB2 Release|x64 = DCDS DB2 Release|x64
		DCDS Oracle Debug|Any CPU = DCDS Oracle Debug|Any CPU
		DCDS Oracle Debug|Mixed Platforms = DCDS Oracle Debug|Mixed Platforms
		DCDS Oracle Debug|Win32 = DCDS Oracle Debug|Win32
		DCDS Oracle Debug|x64 = DCDS Oracle Debug|x64
		DCDS Oracle Release|Any CPU = DCDS Oracle Release|Any CPU
		DCDS Oracle Release|Mixed Platforms = DCDS Oracle Release|Mixed Platforms
		DCDS Oracle Release|Win32 = DCDS Oracle Release|Win32
		DCDS Oracle Release|x64 = DCDS Oracle Release|x64
		DCDS SQL Debug|Any CPU = DCDS SQL Debug|Any CPU
		DCDS SQL Debug|Mixed Platforms = DCDS SQL Debug|Mixed Platforms
		DCDS SQL Debug|Win32 = DCDS SQL Debug|Win32
		DCDS SQL Debug|x64 = DCDS SQL Debug|x64
		DCDS SQL Release|Any CPU = DCDS SQL Release|Any CPU
		DCDS SQL Release|Mixed Platforms = DCDS SQL Release|Mixed Platforms
		DCDS SQL Release|Win32 = DCDS SQL Release|Win32
		DCDS SQL Release|x64 = DCDS SQL Release|x64
		Debug|Any CPU = Debug|Any CPU
		Debug|Mixed Platforms = Debug|Mixed Platforms
		Debug|Win32 = Debug|Win32
		Debug|x64 = Debug|x64
		Release|Any CPU = Release|Any CPU
		Release|Mixed Platforms = Release|Mixed Platforms
		Release|Win32 = Release|Win32
		Release|x64 = Release|x64
		Tuxedo DB2 Debug|Any CPU = Tuxedo DB2 Debug|Any CPU
		Tuxedo DB2 Debug|Mixed Platforms = Tuxedo DB2 Debug|Mixed Platforms
		Tuxedo DB2 Debug|Win32 = Tuxedo DB2 Debug|Win32
		Tuxedo DB2 Debug|x64 = Tuxedo DB2 Debug|x64
		Tuxedo DB2 Release|Any CPU = Tuxedo DB2 Release|Any CPU
		Tuxedo DB2 Release|Mixed Platforms = Tuxedo DB2 Release|Mixed Platforms
		Tuxedo DB2 Release|Win32 = Tuxedo DB2 Release|Win32
		Tuxedo DB2 Release|x64 = Tuxedo DB2 Release|x64
		Tuxedo Oracle Debug|Any CPU = Tuxedo Oracle Debug|Any CPU
		Tuxedo Oracle Debug|Mixed Platforms = Tuxedo Oracle Debug|Mixed Platforms
		Tuxedo Oracle Debug|Win32 = Tuxedo Oracle Debug|Win32
		Tuxedo Oracle Debug|x64 = Tuxedo Oracle Debug|x64
		Tuxedo Oracle Release|Any CPU = Tuxedo Oracle Release|Any CPU
		Tuxedo Oracle Release|Mixed Platforms = Tuxedo Oracle Release|Mixed Platforms
		Tuxedo Oracle Release|Win32 = Tuxedo Oracle Release|Win32
		Tuxedo Oracle Release|x64 = Tuxedo Oracle Release|x64
	EndGlobalSection
	GlobalSection(ProjectConfigurationPlatforms) = postSolution
		{69389FF0-7CA5-4439-B4AF-1984A0C8D9BB}.DCDS DB2 Debug|Any CPU.ActiveCfg = Debug|Any CPU
		{69389FF0-7CA5-4439-B4AF-1984A0C8D9BB}.DCDS DB2 Debug|Any CPU.Build.0 = Debug|Any CPU
		{69389FF0-7CA5-4439-B4AF-1984A0C8D9BB}.DCDS DB2 Debug|Mixed Platforms.ActiveCfg = Debug|Any CPU
		{69389FF0-7CA5-4439-B4AF-1984A0C8D9BB}.DCDS DB2 Debug|Mixed Platforms.Build.0 = Debug|Any CPU
		{69389FF0-7CA5-4439-B4AF-1984A0C8D9BB}.DCDS DB2 Debug|Win32.ActiveCfg = Debug|Any CPU
		{69389FF0-7CA5-4439-B4AF-1984A0C8D9BB}.DCDS DB2 Debug|x64.ActiveCfg = Debug|Any CPU
		{69389FF0-7CA5-4439-B4AF-1984A0C8D9BB}.DCDS DB2 Release|Any CPU.ActiveCfg = Release|Any CPU
		{69389FF0-7CA5-4439-B4AF-1984A0C8D9BB}.DCDS DB2 Release|Any CPU.Build.0 = Release|Any CPU
		{69389FF0-7CA5-4439-B4AF-1984A0C8D9BB}.DCDS DB2 Release|Mixed Platforms.ActiveCfg = Release|Any CPU
		{69389FF0-7CA5-4439-B4AF-1984A0C8D9BB}.DCDS DB2 Release|Mixed Platforms.Build.0 = Release|Any CPU
		{69389FF0-7CA5-4439-B4AF-1984A0C8D9BB}.DCDS DB2 Release|Win32.ActiveCfg = Release|Any CPU
		{69389FF0-7CA5-4439-B4AF-1984A0C8D9BB}.DCDS DB2 Release|x64.ActiveCfg = Release|Any CPU
		{69389FF0-7CA5-4439-B4AF-1984A0C8D9BB}.DCDS Oracle Debug|Any CPU.ActiveCfg = Debug|Any CPU
		{69389FF0-7CA5-4439-B4AF-1984A0C8D9BB}.DCDS Oracle Debug|Any CPU.Build.0 = Debug|Any CPU
		{69389FF0-7CA5-4439-B4AF-1984A0C8D9BB}.DCDS Oracle Debug|Mixed Platforms.ActiveCfg = Debug|Any CPU
		{69389FF0-7CA5-4439-B4AF-1984A0C8D9BB}.DCDS Oracle Debug|Mixed Platforms.Build.0 = Debug|Any CPU
		{69389FF0-7CA5-4439-B4AF-1984A0C8D9BB}.DCDS Oracle Debug|Win32.ActiveCfg = Debug|Any CPU
		{69389FF0-7CA5-4439-B4AF-1984A0C8D9BB}.DCDS Oracle Debug|x64.ActiveCfg = Debug|Any CPU
		{69389FF0-7CA5-4439-B4AF-1984A0C8D9BB}.DCDS Oracle Release|Any CPU.ActiveCfg = Release|Any CPU
		{69389FF0-7CA5-4439-B4AF-1984A0C8D9BB}.DCDS Oracle Release|Any CPU.Build.0 = Release|Any CPU
		{69389FF0-7CA5-4439-B4AF-1984A0C8D9BB}.DCDS Oracle Release|Mixed Platforms.ActiveCfg = Release|Any CPU
		{69389FF0-7CA5-4439-B4AF-1984A0C8D9BB}.DCDS Oracle Release|Mixed Platforms.Build.0 = Release|Any CPU
		{69389FF0-7CA5-4439-B4AF-1984A0C8D9BB}.DCDS Oracle Release|Win32.ActiveCfg = Release|Any CPU
		{69389FF0-7CA5-4439-B4AF-1984A0C8D9BB}.DCDS Oracle Release|x64.ActiveCfg = Release|Any CPU
		{69389FF0-7CA5-4439-B4AF-1984A0C8D9BB}.DCDS SQL Debug|Any CPU.ActiveCfg = Debug|Any CPU
		{69389FF0-7CA5-4439-B4AF-1984A0C8D9BB}.DCDS SQL Debug|Any CPU.Build.0 = Debug|Any CPU
		{69389FF0-7CA5-4439-B4AF-1984A0C8D9BB}.DCDS SQL Debug|Mixed Platforms.ActiveCfg = Debug|Any CPU
		{69389FF0-7CA5-4439-B4AF-1984A0C8D9BB}.DCDS SQL Debug|Mixed Platforms.Build.0 = Debug|Any CPU
		{69389FF0-7CA5-4439-B4AF-1984A0C8D9BB}.DCDS SQL Debug|Win32.ActiveCfg = Debug|Any CPU
		{69389FF0-7CA5-4439-B4AF-1984A0C8D9BB}.DCDS SQL Debug|x64.ActiveCfg = Debug|Any CPU
		{69389FF0-7CA5-4439-B4AF-1984A0C8D9BB}.DCDS SQL Release|Any CPU.ActiveCfg = Release|Any CPU
		{69389FF0-7CA5-4439-B4AF-1984A0C8D9BB}.DCDS SQL Release|Any CPU.Build.0 = Release|Any CPU
		{69389FF0-7CA5-4439-B4AF-1984A0C8D9BB}.DCDS SQL Release|Mixed Platforms.ActiveCfg = Release|Any CPU
		{69389FF0-7CA5-4439-B4AF-1984A0C8D9BB}.DCDS SQL Release|Mixed Platforms.Build.0 = Release|Any CPU
		{69389FF0-7CA5-4439-B4AF-1984A0C8D9BB}.DCDS SQL Release|Win32.ActiveCfg = Release|Any CPU
		{69389FF0-7CA5-4439-B4AF-1984A0C8D9BB}.DCDS SQL Release|x64.ActiveCfg = Release|Any CPU
		{69389FF0-7CA5-4439-B4AF-1984A0C8D9BB}.Debug|Any CPU.ActiveCfg = Debug|Any CPU
		{69389FF0-7CA5-4439-B4AF-1984A0C8D9BB}.Debug|Any CPU.Build.0 = Debug|Any CPU
		{69389FF0-7CA5-4439-B4AF-1984A0C8D9BB}.Debug|Mixed Platforms.ActiveCfg = Debug|Any CPU
		{69389FF0-7CA5-4439-B4AF-1984A0C8D9BB}.Debug|Mixed Platforms.Build.0 = Debug|Any CPU
		{69389FF0-7CA5-4439-B4AF-1984A0C8D9BB}.Debug|Win32.ActiveCfg = Debug|Any CPU
		{69389FF0-7CA5-4439-B4AF-1984A0C8D9BB}.Debug|x64.ActiveCfg = Debug|Any CPU
		{69389FF0-7CA5-4439-B4AF-1984A0C8D9BB}.Release|Any CPU.ActiveCfg = Release|Any CPU
		{69389FF0-7CA5-4439-B4AF-1984A0C8D9BB}.Release|Any CPU.Build.0 = Release|Any CPU
		{69389FF0-7CA5-4439-B4AF-1984A0C8D9BB}.Release|Mixed Platforms.ActiveCfg = Release|Any CPU
		{69389FF0-7CA5-4439-B4AF-1984A0C8D9BB}.Release|Mixed Platforms.Build.0 = Release|Any CPU
		{69389FF0-7CA5-4439-B4AF-1984A0C8D9BB}.Release|Win32.ActiveCfg = Release|Any CPU
		{69389FF0-7CA5-4439-B4AF-1984A0C8D9BB}.Release|x64.ActiveCfg = Release|Any CPU
		{69389FF0-7CA5-4439-B4AF-1984A0C8D9BB}.Tuxedo DB2 Debug|Any CPU.ActiveCfg = Debug|Any CPU
		{69389FF0-7CA5-4439-B4AF-1984A0C8D9BB}.Tuxedo DB2 Debug|Any CPU.Build.0 = Debug|Any CPU
		{69389FF0-7CA5-4439-B4AF-1984A0C8D9BB}.Tuxedo DB2 Debug|Mixed Platforms.ActiveCfg = Debug|Any CPU
		{69389FF0-7CA5-4439-B4AF-1984A0C8D9BB}.Tuxedo DB2 Debug|Mixed Platforms.Build.0 = Debug|Any CPU
		{69389FF0-7CA5-4439-B4AF-1984A0C8D9BB}.Tuxedo DB2 Debug|Win32.ActiveCfg = Debug|Any CPU
		{69389FF0-7CA5-4439-B4AF-1984A0C8D9BB}.Tuxedo DB2 Debug|x64.ActiveCfg = Debug|Any CPU
		{69389FF0-7CA5-4439-B4AF-1984A0C8D9BB}.Tuxedo DB2 Release|Any CPU.ActiveCfg = Release|Any CPU
		{69389FF0-7CA5-4439-B4AF-1984A0C8D9BB}.Tuxedo DB2 Release|Any CPU.Build.0 = Release|Any CPU
		{69389FF0-7CA5-4439-B4AF-1984A0C8D9BB}.Tuxedo DB2 Release|Mixed Platforms.ActiveCfg = Release|Any CPU
		{69389FF0-7CA5-4439-B4AF-1984A0C8D9BB}.Tuxedo DB2 Release|Mixed Platforms.Build.0 = Release|Any CPU
		{69389FF0-7CA5-4439-B4AF-1984A0C8D9BB}.Tuxedo DB2 Release|Win32.ActiveCfg = Release|Any CPU
		{69389FF0-7CA5-4439-B4AF-1984A0C8D9BB}.Tuxedo DB2 Release|x64.ActiveCfg = Release|Any CPU
		{69389FF0-7CA5-4439-B4AF-1984A0C8D9BB}.Tuxedo Oracle Debug|Any CPU.ActiveCfg = Debug|Any CPU
		{69389FF0-7CA5-4439-B4AF-1984A0C8D9BB}.Tuxedo Oracle Debug|Any CPU.Build.0 = Debug|Any CPU
		{69389FF0-7CA5-4439-B4AF-1984A0C8D9BB}.Tuxedo Oracle Debug|Mixed Platforms.ActiveCfg = Debug|Any CPU
		{69389FF0-7CA5-4439-B4AF-1984A0C8D9BB}.Tuxedo Oracle Debug|Mixed Platforms.Build.0 = Debug|Any CPU
		{69389FF0-7CA5-4439-B4AF-1984A0C8D9BB}.Tuxedo Oracle Debug|Win32.ActiveCfg = Debug|Any CPU
		{69389FF0-7CA5-4439-B4AF-1984A0C8D9BB}.Tuxedo Oracle Debug|x64.ActiveCfg = Debug|Any CPU
		{69389FF0-7CA5-4439-B4AF-1984A0C8D9BB}.Tuxedo Oracle Release|Any CPU.ActiveCfg = Release|Any CPU
		{69389FF0-7CA5-4439-B4AF-1984A0C8D9BB}.Tuxedo Oracle Release|Any CPU.Build.0 = Release|Any CPU
		{69389FF0-7CA5-4439-B4AF-1984A0C8D9BB}.Tuxedo Oracle Release|Mixed Platforms.ActiveCfg = Release|Any CPU
		{69389FF0-7CA5-4439-B4AF-1984A0C8D9BB}.Tuxedo Oracle Release|Mixed Platforms.Build.0 = Release|Any CPU
		{69389FF0-7CA5-4439-B4AF-1984A0C8D9BB}.Tuxedo Oracle Release|Win32.ActiveCfg = Release|Any CPU
		{69389FF0-7CA5-4439-B4AF-1984A0C8D9BB}.Tuxedo Oracle Release|x64.ActiveCfg = Release|Any CPU
		{3E3540CB-3101-416C-A2CD-B7392C588D74}.DCDS DB2 Debug|Any CPU.ActiveCfg = Debug|Any CPU
		{3E3540CB-3101-416C-A2CD-B7392C588D74}.DCDS DB2 Debug|Any CPU.Build.0 = Debug|Any CPU
		{3E3540CB-3101-416C-A2CD-B7392C588D74}.DCDS DB2 Debug|Mixed Platforms.ActiveCfg = Debug|Any CPU
		{3E3540CB-3101-416C-A2CD-B7392C588D74}.DCDS DB2 Debug|Mixed Platforms.Build.0 = Debug|Any CPU
		{3E3540CB-3101-416C-A2CD-B7392C588D74}.DCDS DB2 Debug|Win32.ActiveCfg = Debug|Any CPU
		{3E3540CB-3101-416C-A2CD-B7392C588D74}.DCDS DB2 Debug|x64.ActiveCfg = Debug|Any CPU
		{3E3540CB-3101-416C-A2CD-B7392C588D74}.DCDS DB2 Release|Any CPU.ActiveCfg = Release|Any CPU
		{3E3540CB-3101-416C-A2CD-B7392C588D74}.DCDS DB2 Release|Any CPU.Build.0 = Release|Any CPU
		{3E3540CB-3101-416C-A2CD-B7392C588D74}.DCDS DB2 Release|Mixed Platforms.ActiveCfg = Release|Any CPU
		{3E3540CB-3101-416C-A2CD-B7392C588D74}.DCDS DB2 Release|Mixed Platforms.Build.0 = Release|Any CPU
		{3E3540CB-3101-416C-A2CD-B7392C588D74}.DCDS DB2 Release|Win32.ActiveCfg = Release|Any CPU
		{3E3540CB-3101-416C-A2CD-B7392C588D74}.DCDS DB2 Release|x64.ActiveCfg = Release|Any CPU
		{3E3540CB-3101-416C-A2CD-B7392C588D74}.DCDS Oracle Debug|Any CPU.ActiveCfg = Debug|Any CPU
		{3E3540CB-3101-416C-A2CD-B7392C588D74}.DCDS Oracle Debug|Any CPU.Build.0 = Debug|Any CPU
		{3E3540CB-3101-416C-A2CD-B7392C588D74}.DCDS Oracle Debug|Mixed Platforms.ActiveCfg = Debug|Any CPU
		{3E3540CB-3101-416C-A2CD-B7392C588D74}.DCDS Oracle Debug|Mixed Platforms.Build.0 = Debug|Any CPU
		{3E3540CB-3101-416C-A2CD-B7392C588D74}.DCDS Oracle Debug|Win32.ActiveCfg = Debug|Any CPU
		{3E3540CB-3101-416C-A2CD-B7392C588D74}.DCDS Oracle Debug|x64.ActiveCfg = Debug|Any CPU
		{3E3540CB-3101-416C-A2CD-B7392C588D74}.DCDS Oracle Release|Any CPU.ActiveCfg = Release|Any CPU
		{3E3540CB-3101-416C-A2CD-B7392C588D74}.DCDS Oracle Release|Any CPU.Build.0 = Release|Any CPU
		{3E3540CB-3101-416C-A2CD-B7392C588D74}.DCDS Oracle Release|Mixed Platforms.ActiveCfg = Release|Any CPU
		{3E3540CB-3101-416C-A2CD-B7392C588D74}.DCDS Oracle Release|Mixed Platforms.Build.0 = Release|Any CPU
		{3E3540CB-3101-416C-A2CD-B7392C588D74}.DCDS Oracle Release|Win32.ActiveCfg = Release|Any CPU
		{3E3540CB-3101-416C-A2CD-B7392C588D74}.DCDS Oracle Release|x64.ActiveCfg = Release|Any CPU
		{3E3540CB-3101-416C-A2CD-B7392C588D74}.DCDS SQL Debug|Any CPU.ActiveCfg = Debug|Any CPU
		{3E3540CB-3101-416C-A2CD-B7392C588D74}.DCDS SQL Debug|Any CPU.Build.0 = Debug|Any CPU
		{3E3540CB-3101-416C-A2CD-B7392C588D74}.DCDS SQL Debug|Mixed Platforms.ActiveCfg = Debug|Any CPU
		{3E3540CB-3101-416C-A2CD-B7392C588D74}.DCDS SQL Debug|Mixed Platforms.Build.0 = Debug|Any CPU
		{3E3540CB-3101-416C-A2CD-B7392C588D74}.DCDS SQL Debug|Win32.ActiveCfg = Debug|Any CPU
		{3E3540CB-3101-416C-A2CD-B7392C588D74}.DCDS SQL Debug|x64.ActiveCfg = Debug|Any CPU
		{3E3540CB-3101-416C-A2CD-B7392C588D74}.DCDS SQL Release|Any CPU.ActiveCfg = Release|Any CPU
		{3E3540CB-3101-416C-A2CD-B7392C588D74}.DCDS SQL Release|Any CPU.Build.0 = Release|Any CPU
		{3E3540CB-3101-416C-A2CD-B7392C588D74}.DCDS SQL Release|Mixed Platforms.ActiveCfg = Release|Any CPU
		{3E3540CB-3101-416C-A2CD-B7392C588D74}.DCDS SQL Release|Mixed Platforms.Build.0 = Release|Any CPU
		{3E3540CB-3101-416C-A2CD-B7392C588D74}.DCDS SQL Release|Win32.ActiveCfg = Release|Any CPU
		{3E3540CB-3101-416C-A2CD-B7392C588D74}.DCDS SQL Release|x64.ActiveCfg = Release|Any CPU
		{3E3540CB-3101-416C-A2CD-B7392C588D74}.Debug|Any CPU.ActiveCfg = Debug|Any CPU
		{3E3540CB-3101-416C-A2CD-B7392C588D74}.Debug|Any CPU.Build.0 = Debug|Any CPU
		{3E3540CB-3101-416C-A2CD-B7392C588D74}.Debug|Mixed Platforms.ActiveCfg = Debug|Any CPU
		{3E3540CB-3101-416C-A2CD-B7392C588D74}.Debug|Mixed Platforms.Build.0 = Debug|Any CPU
		{3E3540CB-3101-416C-A2CD-B7392C588D74}.Debug|Win32.ActiveCfg = Debug|Any CPU
		{3E3540CB-3101-416C-A2CD-B7392C588D74}.Debug|x64.ActiveCfg = Debug|Any CPU
		{3E3540CB-3101-416C-A2CD-B7392C588D74}.Release|Any CPU.ActiveCfg = Release|Any CPU
		{3E3540CB-3101-416C-A2CD-B7392C588D74}.Release|Any CPU.Build.0 = Release|Any CPU
		{3E3540CB-3101-416C-A2CD-B7392C588D74}.Release|Mixed Platforms.ActiveCfg = Release|Any CPU
		{3E3540CB-3101-416C-A2CD-B7392C588D74}.Release|Mixed Platforms.Build.0 = Release|Any CPU
		{3E3540CB-3101-416C-A2CD-B7392C588D74}.Release|Win32.ActiveCfg = Release|Any CPU
		{3E3540CB-3101-416C-A2CD-B7392C588D74}.Release|x64.ActiveCfg = Release|Any CPU
		{3E3540CB-3101-416C-A2CD-B7392C588D74}.Tuxedo DB2 Debug|Any CPU.ActiveCfg = Debug|Any CPU
		{3E3540CB-3101-416C-A2CD-B7392C588D74}.Tuxedo DB2 Debug|Any CPU.Build.0 = Debug|Any CPU
		{3E3540CB-3101-416C-A2CD-B7392C588D74}.Tuxedo DB2 Debug|Mixed Platforms.ActiveCfg = Debug|Any CPU
		{3E3540CB-3101-416C-A2CD-B7392C588D74}.Tuxedo DB2 Debug|Mixed Platforms.Build.0 = Debug|Any CPU
		{3E3540CB-3101-416C-A2CD-B7392C588D74}.Tuxedo DB2 Debug|Win32.ActiveCfg = Debug|Any CPU
		{3E3540CB-3101-416C-A2CD-B7392C588D74}.Tuxedo DB2 Debug|x64.ActiveCfg = Debug|Any CPU
		{3E3540CB-3101-416C-A2CD-B7392C588D74}.Tuxedo DB2 Release|Any CPU.ActiveCfg = Release|Any CPU
		{3E3540CB-3101-416C-A2CD-B7392C588D74}.Tuxedo DB2 Release|Any CPU.Build.0 = Release|Any CPU
		{3E3540CB-3101-416C-A2CD-B7392C588D74}.Tuxedo DB2 Release|Mixed Platforms.ActiveCfg = Release|Any CPU
		{3E3540CB-3101-416C-A2CD-B7392C588D74}.Tuxedo DB2 Release|Mixed Platforms.Build.0 = Release|Any CPU
		{3E3540CB-3101-416C-A2CD-B7392C588D74}.Tuxedo DB2 Release|Win32.ActiveCfg = Release|Any CPU
		{3E3540CB-3101-416C-A2CD-B7392C588D74}.Tuxedo DB2 Release|x64.ActiveCfg = Release|Any CPU
		{3E3540CB-3101-416C-A2CD-B7392C588D74}.Tuxedo Oracle Debug|Any CPU.ActiveCfg = Debug|Any CPU
		{3E3540CB-3101-416C-A2CD-B7392C588D74}.Tuxedo Oracle Debug|Any CPU.Build.0 = Debug|Any CPU
		{3E3540CB-3101-416C-A2CD-B7392C588D74}.Tuxedo Oracle Debug|Mixed Platforms.ActiveCfg = Debug|Any CPU
		{3E3540CB-3101-416C-A2CD-B7392C588D74}.Tuxedo Oracle Debug|Mixed Platforms.Build.0 = Debug|Any CPU
		{3E3540CB-3101-416C-A2CD-B7392C588D74}.Tuxedo Oracle Debug|Win32.ActiveCfg = Debug|Any CPU
		{3E3540CB-3101-416C-A2CD-B7392C588D74}.Tuxedo Oracle Debug|x64.ActiveCfg = Debug|Any CPU
		{3E3540CB-3101-416C-A2CD-B7392C588D74}.Tuxedo Oracle Release|Any CPU.ActiveCfg = Release|Any CPU
		{3E3540CB-3101-416C-A2CD-B7392C588D74}.Tuxedo Oracle Release|Any CPU.Build.0 = Release|Any CPU
		{3E3540CB-3101-416C-A2CD-B7392C588D74}.Tuxedo Oracle Release|Mixed Platforms.ActiveCfg = Release|Any CPU
		{3E3540CB-3101-416C-A2CD-B7392C588D74}.Tuxedo Oracle Release|Mixed Platforms.Build.0 = Release|Any CPU
		{3E3540CB-3101-416C-A2CD-B7392C588D74}.Tuxedo Oracle Release|Win32.ActiveCfg = Release|Any CPU
		{3E3540CB-3101-416C-A2CD-B7392C588D74}.Tuxedo Oracle Release|x64.ActiveCfg = Release|Any CPU
	EndGlobalSection
	GlobalSection(SolutionProperties) = preSolution
		HideSolutionNode = FALSE
	EndGlobalSection
EndGlobal
